# THIS IS AN AUTOGENERATED FILE. DO NOT EDIT THIS FILE DIRECTLY.
# yarn lockfile v1


"@choojs/findup@^0.2.1":
  "integrity" "sha512-YstAqNb0MCN8PjdLCDfRsBcGVRN41f3vgLvaI0IrIcBp4AqILRSS0DeWNGkicC+f/zRIPJLc+9RURVSepwvfBw=="
  "resolved" "https://registry.npmjs.org/@choojs/findup/-/findup-0.2.1.tgz"
  "version" "0.2.1"
  dependencies:
    "commander" "^2.15.1"

"animate.css@^3.7.2":
  "integrity" "sha512-0bE8zYo7C0KvgOYrSVfrzkbYk6IOTVPNqkiHg2cbyF4Pq/PXzilz4BRWA3hwEUBoMp5VBgrC29lQIZyhRWdBTw=="
  "resolved" "https://registry.npmjs.org/animate.css/-/animate.css-3.7.2.tgz"
  "version" "3.7.2"

"ansi-styles@^3.2.1":
  "integrity" "sha512-VT0ZI6kZRdTh8YyJw3SMbYm/u+NqfsAxEpWO0Pf9sq8/e94WxxOpPKx9FR1FlyCtOVDNOQ+8ntlqFxiRc+r5qA=="
  "resolved" "https://registry.npmjs.org/ansi-styles/-/ansi-styles-3.2.1.tgz"
  "version" "3.2.1"
  dependencies:
    "color-convert" "^1.9.0"

"bootstrap@^4.3.1":
  "integrity" "sha512-0dj+VgI9Ecom+rvvpNZ4MUZJz8dcX7WCX+eTID9+/8HgOkv3dsRzi8BGeZJCQU6flWQVYxwTQnEZFrmJSEO7og=="
  "resolved" "https://registry.npmjs.org/bootstrap/-/bootstrap-4.6.1.tgz"
  "version" "4.6.1"

"chalk@^2.4.1", "chalk@^2.4.2":
  "integrity" "sha512-Mti+f9lpJNcwF4tWV8/OrTTtF1gZi+f8FqlyAdouralcFWFQWF2+NgCHShjkCb+IFBLq9buZwE1xckQU4peSuQ=="
  "resolved" "https://registry.npmjs.org/chalk/-/chalk-2.4.2.tgz"
  "version" "2.4.2"
  dependencies:
    "ansi-styles" "^3.2.1"
    "escape-string-regexp" "^1.0.5"
    "supports-color" "^5.3.0"

"color-convert@^1.9.0":
  "integrity" "sha512-QfAUtd+vFdAtFQcC8CCyYt1fYWxSqAiK2cSD6zDB8N3cpsEBAvRxp9zOGg6G/SHHJYAT88/az/IuDGALsNVbGg=="
  "resolved" "https://registry.npmjs.org/color-convert/-/color-convert-1.9.3.tgz"
  "version" "1.9.3"
  dependencies:
    "color-name" "1.1.3"

"color-name@1.1.3":
  "integrity" "sha1-p9BVi9icQveV3UIyj3QIMcpTvCU="
  "resolved" "https://registry.npmjs.org/color-name/-/color-name-1.1.3.tgz"
  "version" "1.1.3"

"commander@^2.15.1":
  "integrity" "sha512-GpVkmM8vF2vQUkj2LvZmD35JxeJOLCwJ9cUkugyk2nuhbv3+mJvpLYYt+0+USMxE+oj+ey/lJEnhZw75x/OMcQ=="
  "resolved" "https://registry.npmjs.org/commander/-/commander-2.20.3.tgz"
  "version" "2.20.3"

"escape-string-regexp@^1.0.5":
  "integrity" "sha1-G2HAViGQqN/2rjuyzwIAyhMLhtQ="
  "resolved" "https://registry.npmjs.org/escape-string-regexp/-/escape-string-regexp-1.0.5.tgz"
  "version" "1.0.5"

"flatpickr@^4.6.3":
  "integrity" "sha512-F0azNNi8foVWKSF+8X+ZJzz8r9sE1G4hl06RyceIaLvyltKvDl6vqk9Lm/6AUUCi5HWaIjiUbk7UpeE/fOXOpw=="
  "resolved" "https://registry.npmjs.org/flatpickr/-/flatpickr-4.6.9.tgz"
  "version" "4.6.9"

"has-flag@^3.0.0":
  "integrity" "sha1-tdRU3CGZriJWmfNGfloH87lVuv0="
  "resolved" "https://registry.npmjs.org/has-flag/-/has-flag-3.0.0.tgz"
  "version" "3.0.0"

"jquery-nice-select@^1.1.0":
  "integrity" "sha1-nNWQ/q1Wr+a8zUEpQpP7o1YYnH0="
  "resolved" "https://registry.npmjs.org/jquery-nice-select/-/jquery-nice-select-1.1.0.tgz"
  "version" "1.1.0"
  dependencies:
    "jquery" "^2.2.3"

"jquery-zoom@^1.7.21":
  "integrity" "sha512-C3aDEt0c4TkPrOPqIs5VAOwBMgitf1I7jEakO15G3QfxdVEivBvUlkiCjfcGQM+FyXdvshpbiEJKDbEdPz2/pw=="
  "resolved" "https://registry.npmjs.org/jquery-zoom/-/jquery-zoom-1.7.21.tgz"
  "version" "1.7.21"
  dependencies:
    "jquery" ">=1.7"

"jquery@^2.2.3":
  "integrity" "sha1-LInWiJterFIqfuoywUUhVZxsvwI="
  "resolved" "https://registry.npmjs.org/jquery/-/jquery-2.2.4.tgz"
  "version" "2.2.4"

"jquery@^3.4.1", "jquery@>=1.7", "jquery@>=1.8.0", "jquery@1.9.1 - 3":
  "integrity" "sha512-JVzAR/AjBvVt2BmYhxRCSYysDsPcssdmTFnzyLEts9qNwmjmu4JTAMYubEfwVOSwpQ1I1sKKFcxhZCI2buerfw=="
  "resolved" "https://registry.npmjs.org/jquery/-/jquery-3.6.0.tgz"
  "version" "3.6.0"

"kbw-countdown@https://github.com/kbwood/countdown.git":
  "resolved" "git+ssh://git@github.com/kbwood/countdown.git#9e816a73eb4d21f4b2dd4ac0cd559e6f4feae906"
  "version" "2.1.0"

"line-awesome@^1.3.0":
  "integrity" "sha512-Y0YHksL37ixDsHz+ihCwOtF5jwJgCDxQ3q+zOVgaSW8VugHGTsZZXMacPYZB1/JULBi6BAuTCTek+4ZY/UIwcw=="
  "resolved" "https://registry.npmjs.org/line-awesome/-/line-awesome-1.3.0.tgz"
  "version" "1.3.0"

"minimist@^1.2.5":
  "integrity" "sha512-FM9nNUYrRBAELZQT3xeZQ7fmMOBg6nWNmJKTcgsJeaLstP/UODVpGsr5OhXhhXg6f+qtJ8uiZ+PUxkDWcgIXLw=="
  "resolved" "https://registry.npmjs.org/minimist/-/minimist-1.2.5.tgz"
  "version" "1.2.5"

"mkdirp@^0.5.1":
  "integrity" "sha512-NKmAlESf6jMGym1++R0Ra7wvhV+wFW63FaSOFPwRahvea0gMUcGUhVeAg/0BC0wiv9ih5NYPB1Wn1UEI1/L+xQ=="
  "resolved" "https://registry.npmjs.org/mkdirp/-/mkdirp-0.5.5.tgz"
  "version" "0.5.5"
  dependencies:
    "minimist" "^1.2.5"

"nouislider@^14.1.1":
  "integrity" "sha512-4RtQ1+LHJKesDCNJrXkQcwXAWCrC2aggdLYMstS/G5fEWL+fXZbUA9pwVNHFghMGuFGRATlDLNInRaPeRKzpFQ=="
  "resolved" "https://registry.npmjs.org/nouislider/-/nouislider-14.7.0.tgz"
  "version" "14.7.0"

"popper.js@^1.16.1":
  "integrity" "sha512-Wb4p1J4zyFTbM+u6WuO4XstYx4Ky9Cewe4DWrel7B0w6VVICvPwdOpotjzcf6eD8TsckVnIMNONQyPIUFOUbCQ=="
  "resolved" "https://registry.npmjs.org/popper.js/-/popper.js-1.16.1.tgz"
  "version" "1.16.1"

"postcss@^6.0.23":
  "integrity" "sha512-soOk1h6J3VMTZtVeVpv15/Hpdl2cBLX3CAw4TAbkpTJiNPk9YP/zWcD1ND+xEtvyuuvKzbxliTOIyvkSeSJ6ag=="
  "resolved" "https://registry.npmjs.org/postcss/-/postcss-6.0.23.tgz"
  "version" "6.0.23"
  dependencies:
    "chalk" "^2.4.1"
    "source-map" "^0.6.1"
    "supports-color" "^5.4.0"

"rtlcss@^2.4.0":
  "integrity" "sha512-06LFAr+GAPo+BvaynsXRfoYTJvSaWRyOhURCQ7aeI1MKph9meM222F+Zkt3bDamyHHJuGi3VPtiRkpyswmQbGA=="
  "resolved" "https://registry.npmjs.org/rtlcss/-/rtlcss-2.6.2.tgz"
  "version" "2.6.2"
  dependencies:
    "@choojs/findup" "^0.2.1"
    "chalk" "^2.4.2"
    "mkdirp" "^0.5.1"
    "postcss" "^6.0.23"
    "strip-json-comments" "^2.0.0"

"slick-carousel@^1.8.1":
  "integrity" "sha512-XB9Ftrf2EEKfzoQXt3Nitrt/IPbT+f1fgqBdoxO3W/+JYvtEOW6EgxnWfr9GH6nmULv7Y2tPmEX3koxThVmebA=="
  "resolved" "https://registry.npmjs.org/slick-carousel/-/slick-carousel-1.8.1.tgz"
  "version" "1.8.1"

"slick-lightbox@^0.2.12":
  "integrity" "sha512-OwY/gDvh8Xc7wvch/71U8iK+2rXQS0dAzJZvCO8c4u9ZbxQEdnUz8UjyDQJENALXPhrnXXz/yC8qwUhJEoJhcA=="
  "resolved" "https://registry.npmjs.org/slick-lightbox/-/slick-lightbox-0.2.12.tgz"
  "version" "0.2.12"

"source-map@^0.6.1":
  "integrity" "sha512-UjgapumWlbMhkBgzT7Ykc5YXUT46F0iKu8SGXq0bcwP5dz/h0Plj6enJqjz1Zbq2l5WaqYnrVbwWOWMyF3F47g=="
  "resolved" "https://registry.npmjs.org/source-map/-/source-map-0.6.1.tgz"
  "version" "0.6.1"

"strip-json-comments@^2.0.0":
  "integrity" "sha1-PFMZQukIwml8DsNEhYwobHygpgo="
  "resolved" "https://registry.npmjs.org/strip-json-comments/-/strip-json-comments-2.0.1.tgz"
  "version" "2.0.1"

"supports-color@^5.3.0", "supports-color@^5.4.0":
  "integrity" "sha512-QjVjwdXIt408MIiAqCX4oUKsgU2EqAGzs2Ppkm4aQYbjm+ZEWEcW4SfFNTr4uMNZma0ey4f5lgLrkB0aX0QMow=="
  "resolved" "https://registry.npmjs.org/supports-color/-/supports-color-5.5.0.tgz"
  "version" "5.5.0"
  dependencies:
    "has-flag" "^3.0.0"

"v-click-outside@^3.0.1":
  "integrity" "sha512-gMdRqfRE6m6XU6SiFi3dyBlFB2MWogiXpof8Aa3LQysrl9pzTndqp/iEaAphLoadaQUFnQ0ec6fLLaxr7LiY6A=="
  "resolved" "https://registry.npmjs.org/v-click-outside/-/v-click-outside-3.1.2.tgz"
  "version" "3.1.2"

"vue-toast-notification@^0.0.3":
  "integrity" "sha512-3UQuEa2oQX5JcWwMcnm6Kf9djL4XwWWv2R8uIawFC/PSPHYp4JCnXiYu+BVNc/qCQhpSvfkXmmDVOLRau5kVDg=="
  "resolved" "https://registry.npmjs.org/vue-toast-notification/-/vue-toast-notification-0.0.3.tgz"
  "version" "0.0.3"

"vue@^2.0.0", "vue@^2.6.11":
  "integrity" "sha512-x2284lgYvjOMj3Za7kqzRcUSxBboHqtgRE2zlos1qWaOye5yUmHn42LB1250NJBLRwEcdrB0JRwyPTEPhfQjiQ=="
  "resolved" "https://registry.npmjs.org/vue/-/vue-2.6.14.tgz"
  "version" "2.6.14"
